
Microsoft Visual Studio Solution File, Format Version 12.00
# Visual Studio Version 17
VisualStudioVersion = 17.0.32112.339
MinimumVisualStudioVersion = 10.0.40219.1
Project("{FAE04EC0-301F-11D3-BF4B-00C04F79EFBC}") = "SWTCalculator", "SWTCalculator.csproj", "{12FDD83F-0E8B-49EE-A0C6-712DF77221AB}"
EndProject
Project("{FAE04EC0-301F-11D3-BF4B-00C04F79EFBC}") = "CalcTest", "..\CalcTest\CalcTest.csproj", "{00092D12-B09E-419A-B669-BE1DB1D6FE5C}"
EndProject
Global
	GlobalSection(SolutionConfigurationPlatforms) = preSolution
		Debug|Any CPU = Debug|Any CPU
		Release|Any CPU = Release|Any CPU
	EndGlobalSection
	GlobalSection(ProjectConfigurationPlatforms) = postSolution
		{12FDD83F-0E8B-49EE-A0C6-712DF77221AB}.Debug|Any CPU.ActiveCfg = Debug|Any CPU
		{12FDD83F-0E8B-49EE-A0C6-712DF77221AB}.Debug|Any CPU.Build.0 = Debug|Any CPU
		{12FDD83F-0E8B-49EE-A0C6-712DF77221AB}.Release|Any CPU.ActiveCfg = Release|Any CPU
		{12FDD83F-0E8B-49EE-A0C6-712DF77221AB}.Release|Any CPU.Build.0 = Release|Any CPU
		{00092D12-B09E-419A-B669-BE1DB1D6FE5C}.Debug|Any CPU.ActiveCfg = Debug|Any CPU
		{00092D12-B09E-419A-B669-BE1DB1D6FE5C}.Debug|Any CPU.Build.0 = Debug|Any CPU
		{00092D12-B09E-419A-B669-BE1DB1D6FE5C}.Release|Any CPU.ActiveCfg = Release|Any CPU
		{00092D12-B09E-419A-B669-BE1DB1D6FE5C}.Release|Any CPU.Build.0 = Release|Any CPU
	EndGlobalSection
	GlobalSection(SolutionProperties) = preSolution
		HideSolutionNode = FALSE
	EndGlobalSection
	GlobalSection(ExtensibilityGlobals) = postSolution
		SolutionGuid = {8430487E-7C76-4603-BFF3-DFEC8407A0EC}
	EndGlobalSection
EndGlobal
